
Microsoft Visual Studio Solution File, Format Version 12.00
# Visual Studio Version 17
VisualStudioVersion = 17.6.33723.286
MinimumVisualStudioVersion = 10.0.40219.1
Project("{FAE04EC0-301F-11D3-BF4B-00C04F79EFBC}") = "AppointmentsManager", "AppointmentsManager.csproj", "{4CA79CEB-03AB-4C8E-8B30-89365117E82C}"
EndProject
Global
	GlobalSection(SolutionConfigurationPlatforms) = preSolution
		Debug|Any CPU = Debug|Any CPU
		Release|Any CPU = Release|Any CPU
	EndGlobalSection
	GlobalSection(ProjectConfigurationPlatforms) = postSolution
		{4CA79CEB-03AB-4C8E-8B30-89365117E82C}.Debug|Any CPU.ActiveCfg = Debug|Any CPU
		{4CA79CEB-03AB-4C8E-8B30-89365117E82C}.Debug|Any CPU.Build.0 = Debug|Any CPU
		{4CA79CEB-03AB-4C8E-8B30-89365117E82C}.Release|Any CPU.ActiveCfg = Release|Any CPU
		{4CA79CEB-03AB-4C8E-8B30-89365117E82C}.Release|Any CPU.Build.0 = Release|Any CPU
	EndGlobalSection
	GlobalSection(SolutionProperties) = preSolution
		HideSolutionNode = FALSE
	EndGlobalSection
	GlobalSection(ExtensibilityGlobals) = postSolution
		SolutionGuid = {BDB959C4-65BF-4DF1-ADBB-57BC59521096}
	EndGlobalSection
EndGlobal
